
Microsoft Visual Studio Solution File, Format Version 12.00
# Visual Studio 2012
Project("{FAE04EC0-301F-11D3-BF4B-00C04F79EFBC}") = "WCFService", "WCFService\WCFService.csproj", "{15B3E0D2-6217-493A-A690-158C497F5318}"
EndProject
Project("{FAE04EC0-301F-11D3-BF4B-00C04F79EFBC}") = "ConsoleHost", "ConsoleHost\ConsoleHost.csproj", "{C38D1E57-5C12-4C58-A62F-096DEB7F4442}"
EndProject
Project("{FAE04EC0-301F-11D3-BF4B-00C04F79EFBC}") = "Client", "Client\Client.csproj", "{363F187E-2BB7-49A5-83CE-FC6F2ADA62A9}"
EndProject
Project("{FAE04EC0-301F-11D3-BF4B-00C04F79EFBC}") = "AsyncClient", "AsyncClient\AsyncClient.csproj", "{27FB150F-C57D-4826-9A0E-A52ED328AEA8}"
EndProject
Project("{FAE04EC0-301F-11D3-BF4B-00C04F79EFBC}") = "ClientMax", "ClientMax\ClientMax.csproj", "{923EDEB8-59BA-49D9-A3AD-CB0553EA0F73}"
EndProject
Global
	GlobalSection(SolutionConfigurationPlatforms) = preSolution
		Debug|Any CPU = Debug|Any CPU
		Release|Any CPU = Release|Any CPU
	EndGlobalSection
	GlobalSection(ProjectConfigurationPlatforms) = postSolution
		{15B3E0D2-6217-493A-A690-158C497F5318}.Debug|Any CPU.ActiveCfg = Debug|Any CPU
		{15B3E0D2-6217-493A-A690-158C497F5318}.Debug|Any CPU.Build.0 = Debug|Any CPU
		{15B3E0D2-6217-493A-A690-158C497F5318}.Release|Any CPU.ActiveCfg = Release|Any CPU
		{15B3E0D2-6217-493A-A690-158C497F5318}.Release|Any CPU.Build.0 = Release|Any CPU
		{C38D1E57-5C12-4C58-A62F-096DEB7F4442}.Debug|Any CPU.ActiveCfg = Debug|Any CPU
		{C38D1E57-5C12-4C58-A62F-096DEB7F4442}.Debug|Any CPU.Build.0 = Debug|Any CPU
		{C38D1E57-5C12-4C58-A62F-096DEB7F4442}.Release|Any CPU.ActiveCfg = Release|Any CPU
		{C38D1E57-5C12-4C58-A62F-096DEB7F4442}.Release|Any CPU.Build.0 = Release|Any CPU
		{363F187E-2BB7-49A5-83CE-FC6F2ADA62A9}.Debug|Any CPU.ActiveCfg = Debug|Any CPU
		{363F187E-2BB7-49A5-83CE-FC6F2ADA62A9}.Debug|Any CPU.Build.0 = Debug|Any CPU
		{363F187E-2BB7-49A5-83CE-FC6F2ADA62A9}.Release|Any CPU.ActiveCfg = Release|Any CPU
		{363F187E-2BB7-49A5-83CE-FC6F2ADA62A9}.Release|Any CPU.Build.0 = Release|Any CPU
		{27FB150F-C57D-4826-9A0E-A52ED328AEA8}.Debug|Any CPU.ActiveCfg = Debug|Any CPU
		{27FB150F-C57D-4826-9A0E-A52ED328AEA8}.Debug|Any CPU.Build.0 = Debug|Any CPU
		{27FB150F-C57D-4826-9A0E-A52ED328AEA8}.Release|Any CPU.ActiveCfg = Release|Any CPU
		{27FB150F-C57D-4826-9A0E-A52ED328AEA8}.Release|Any CPU.Build.0 = Release|Any CPU
		{923EDEB8-59BA-49D9-A3AD-CB0553EA0F73}.Debug|Any CPU.ActiveCfg = Debug|Any CPU
		{923EDEB8-59BA-49D9-A3AD-CB0553EA0F73}.Debug|Any CPU.Build.0 = Debug|Any CPU
		{923EDEB8-59BA-49D9-A3AD-CB0553EA0F73}.Release|Any CPU.ActiveCfg = Release|Any CPU
		{923EDEB8-59BA-49D9-A3AD-CB0553EA0F73}.Release|Any CPU.Build.0 = Release|Any CPU
	EndGlobalSection
	GlobalSection(SolutionProperties) = preSolution
		HideSolutionNode = FALSE
	EndGlobalSection
EndGlobal
